
Microsoft Visual Studio Solution File, Format Version 12.00
# Visual Studio Version 17
VisualStudioVersion = 17.9.34714.143
MinimumVisualStudioVersion = 10.0.40219.1
Project("{FAE04EC0-301F-11D3-BF4B-00C04F79EFBC}") = "Examen unidad 3", "Examen unidad 3.csproj", "{6302A812-9ED0-477A-B289-73050B3E3B4F}"
EndProject
Global
	GlobalSection(SolutionConfigurationPlatforms) = preSolution
		Debug|Any CPU = Debug|Any CPU
		Release|Any CPU = Release|Any CPU
	EndGlobalSection
	GlobalSection(ProjectConfigurationPlatforms) = postSolution
		{6302A812-9ED0-477A-B289-73050B3E3B4F}.Debug|Any CPU.ActiveCfg = Debug|Any CPU
		{6302A812-9ED0-477A-B289-73050B3E3B4F}.Debug|Any CPU.Build.0 = Debug|Any CPU
		{6302A812-9ED0-477A-B289-73050B3E3B4F}.Release|Any CPU.ActiveCfg = Release|Any CPU
		{6302A812-9ED0-477A-B289-73050B3E3B4F}.Release|Any CPU.Build.0 = Release|Any CPU
	EndGlobalSection
	GlobalSection(SolutionProperties) = preSolution
		HideSolutionNode = FALSE
	EndGlobalSection
	GlobalSection(ExtensibilityGlobals) = postSolution
		SolutionGuid = {69FD98D8-A8DB-47E8-BA74-F0C0BF56CDFE}
	EndGlobalSection
EndGlobal
